{
  "requires": true,
  "lockfileVersion": 1,
  "dependencies": {
    "vue-simple-multi-select": {
      "version": "1.0.4",
      "resolved": "https://registry.npmjs.org/vue-simple-multi-select/-/vue-simple-multi-select-1.0.4.tgz",
      "integrity": "sha512-aoR3P7uaRimWXqlQdwJKgov3FHmnQ0RusvQj+WSSHHrqipeNoxrXyMt2HsQdBfQqwWbBvy+GCO7xng5UylXZBg=="
    }
  }
}
